{
  "requires": true,
  "lockfileVersion": 1,
  "dependencies": {
    "minireset.css": {
      "version": "0.0.7",
      "resolved": "https://registry.npmjs.org/minireset.css/-/minireset.css-0.0.7.tgz",
      "integrity": "sha512-raWKK2aHP/MI4Yu72dU6hade1YFuoyDQtSUi/FiIZfeRHjgL81uN/nFvG2aoAr+mseRc3jpg47jQqx1/+6w+kQ=="
    },
    "sakura.css": {
      "version": "1.3.1",
      "resolved": "https://registry.npmjs.org/sakura.css/-/sakura.css-1.3.1.tgz",
      "integrity": "sha512-J1Lj9yrAAs8OMseVDTIJPh5BxhZZEUz2VKkzj1u4HgjljVnIvVbCEfJKzjWolJTIs8SCxZ0murVJg0Ah7kK/yw=="
    }
  }
}
