{
  "requires": true,
  "lockfileVersion": 1,
  "dependencies": {
    "sakura.css": {
      "version": "1.3.1",
      "resolved": "https://registry.npmjs.org/sakura.css/-/sakura.css-1.3.1.tgz",
      "integrity": "sha512-J1Lj9yrAAs8OMseVDTIJPh5BxhZZEUz2VKkzj1u4HgjljVnIvVbCEfJKzjWolJTIs8SCxZ0murVJg0Ah7kK/yw=="
    },
    "sanitize.css": {
      "version": "12.0.1",
      "resolved": "https://registry.npmjs.org/sanitize.css/-/sanitize.css-12.0.1.tgz",
      "integrity": "sha512-QbusSBnWHaRBZeTxsJyknwI0q+q6m1NtLBmB76JfW/rdVN7Ws6Zz70w65+430/ouVcdNVT3qwrDgrM6PaYyRtw=="
    }
  }
}
